
Microsoft Visual Studio Solution File, Format Version 12.00
# Visual Studio Version 17
VisualStudioVersion = 17.14.36511.14 d17.14
MinimumVisualStudioVersion = 10.0.40219.1
Project("{FAE04EC0-301F-11D3-BF4B-00C04F79EFBC}") = "Notepad", "Notepad\Notepad.csproj", "{CF48A5E3-131B-4EA6-B1C2-6B93367304CF}"
EndProject
Global
	GlobalSection(SolutionConfigurationPlatforms) = preSolution
		Debug|Any CPU = Debug|Any CPU
		Release|Any CPU = Release|Any CPU
	EndGlobalSection
	GlobalSection(ProjectConfigurationPlatforms) = postSolution
		{CF48A5E3-131B-4EA6-B1C2-6B93367304CF}.Debug|Any CPU.ActiveCfg = Debug|Any CPU
		{CF48A5E3-131B-4EA6-B1C2-6B93367304CF}.Debug|Any CPU.Build.0 = Debug|Any CPU
		{CF48A5E3-131B-4EA6-B1C2-6B93367304CF}.Release|Any CPU.ActiveCfg = Release|Any CPU
		{CF48A5E3-131B-4EA6-B1C2-6B93367304CF}.Release|Any CPU.Build.0 = Release|Any CPU
	EndGlobalSection
	GlobalSection(SolutionProperties) = preSolution
		HideSolutionNode = FALSE
	EndGlobalSection
	GlobalSection(ExtensibilityGlobals) = postSolution
		SolutionGuid = {86CDD44E-FD09-4FC5-83C6-FE2F5BB55CEA}
	EndGlobalSection
EndGlobal
